// !$*UTF8*$!
{
	archiveVersion = 1;
	classes = {
	};
	objectVersion = 50;
	objects = {

/* Begin PBXBuildFile section */
		0B2AD70826CD785F00A88B95 /* AppDelegate.swift in Sources */ = {isa = PBXBuildFile; fileRef = 0B2AD70726CD785F00A88B95 /* AppDelegate.swift */; };
		0B2AD70A26CD785F00A88B95 /* SceneDelegate.swift in Sources */ = {isa = PBXBuildFile; fileRef = 0B2AD70926CD785F00A88B95 /* SceneDelegate.swift */; };
		0B2AD70C26CD785F00A88B95 /* MainViewController.swift in Sources */ = {isa = PBXBuildFile; fileRef = 0B2AD70B26CD785F00A88B95 /* MainViewController.swift */; };
		0B2AD71426CD786200A88B95 /* LaunchScreen.storyboard in Resources */ = {isa = PBXBuildFile; fileRef = 0B2AD71226CD786200A88B95 /* LaunchScreen.storyboard */; };
		0B2AD71C26CD78A600A88B95 /* icon in Resources */ = {isa = PBXBuildFile; fileRef = 0B2AD71B26CD78A600A88B95 /* icon */; };
		0B2AD71E26CD79D500A88B95 /* ScalesTableViewController.swift in Sources */ = {isa = PBXBuildFile; fileRef = 0B2AD71D26CD79D500A88B95 /* ScalesTableViewController.swift */; };
		0B2AD72026CD79EB00A88B95 /* ScalesCell.swift in Sources */ = {isa = PBXBuildFile; fileRef = 0B2AD71F26CD79EB00A88B95 /* ScalesCell.swift */; };
		0B2AD72426CD7A2300A88B95 /* ListTableViewController.swift in Sources */ = {isa = PBXBuildFile; fileRef = 0B2AD72326CD7A2300A88B95 /* ListTableViewController.swift */; };
		0B2AD72626CD7A3000A88B95 /* ListCell.swift in Sources */ = {isa = PBXBuildFile; fileRef = 0B2AD72526CD7A3000A88B95 /* ListCell.swift */; };
		0B2AD72926CD7A6800A88B95 /* StorageGroupTable.swift in Sources */ = {isa = PBXBuildFile; fileRef = 0B2AD72826CD7A6800A88B95 /* StorageGroupTable.swift */; };
		0B2AD72C26CD7A8800A88B95 /* StatisticsTableViewController.swift in Sources */ = {isa = PBXBuildFile; fileRef = 0B2AD72B26CD7A8800A88B95 /* StatisticsTableViewController.swift */; };
		0B2AD72E26CD7AD400A88B95 /* StorageItemTable.swift in Sources */ = {isa = PBXBuildFile; fileRef = 0B2AD72D26CD7AD400A88B95 /* StorageItemTable.swift */; };
		0B2AD73026CD7B0300A88B95 /* StorageItemCell.swift in Sources */ = {isa = PBXBuildFile; fileRef = 0B2AD72F26CD7B0300A88B95 /* StorageItemCell.swift */; };
		0B2AD73226CD7B1600A88B95 /* StorageMainCell.swift in Sources */ = {isa = PBXBuildFile; fileRef = 0B2AD73126CD7B1600A88B95 /* StorageMainCell.swift */; };
		0B2AD73426CD7B4500A88B95 /* StorageAddTable.swift in Sources */ = {isa = PBXBuildFile; fileRef = 0B2AD73326CD7B4500A88B95 /* StorageAddTable.swift */; };
		0B2AD73626CD7B5600A88B95 /* StorageAddCell.swift in Sources */ = {isa = PBXBuildFile; fileRef = 0B2AD73526CD7B5600A88B95 /* StorageAddCell.swift */; };
		0B742A6E26EE9D0400B59484 /* ModelScales.swift in Sources */ = {isa = PBXBuildFile; fileRef = 0B742A6D26EE9D0400B59484 /* ModelScales.swift */; };
		0B742A7126EE9D3800B59484 /* CoreDataModel.xcdatamodeld in Sources */ = {isa = PBXBuildFile; fileRef = 0B742A6F26EE9D3800B59484 /* CoreDataModel.xcdatamodeld */; };
		0B742A9E26F65E1A00B59484 /* ScalesCellDelete.swift in Sources */ = {isa = PBXBuildFile; fileRef = 0B742A9D26F65E1A00B59484 /* ScalesCellDelete.swift */; };
		0B742AA026F6872B00B59484 /* ScalesLabel.swift in Sources */ = {isa = PBXBuildFile; fileRef = 0B742A9F26F6872B00B59484 /* ScalesLabel.swift */; };
/* End PBXBuildFile section */

/* Begin PBXFileReference section */
		0B2AD70426CD785F00A88B95 /* BuyMe.app */ = {isa = PBXFileReference; explicitFileType = wrapper.application; includeInIndex = 0; path = BuyMe.app; sourceTree = BUILT_PRODUCTS_DIR; };
		0B2AD70726CD785F00A88B95 /* AppDelegate.swift */ = {isa = PBXFileReference; lastKnownFileType = sourcecode.swift; path = AppDelegate.swift; sourceTree = "<group>"; };
		0B2AD70926CD785F00A88B95 /* SceneDelegate.swift */ = {isa = PBXFileReference; lastKnownFileType = sourcecode.swift; path = SceneDelegate.swift; sourceTree = "<group>"; };
		0B2AD70B26CD785F00A88B95 /* MainViewController.swift */ = {isa = PBXFileReference; lastKnownFileType = sourcecode.swift; path = MainViewController.swift; sourceTree = "<group>"; };
		0B2AD71326CD786200A88B95 /* Base */ = {isa = PBXFileReference; lastKnownFileType = file.storyboard; name = Base; path = Base.lproj/LaunchScreen.storyboard; sourceTree = "<group>"; };
		0B2AD71526CD786200A88B95 /* Info.plist */ = {isa = PBXFileReference; lastKnownFileType = text.plist.xml; path = Info.plist; sourceTree = "<group>"; };
		0B2AD71B26CD78A600A88B95 /* icon */ = {isa = PBXFileReference; lastKnownFileType = folder; name = icon; path = ../../../../../Users/dimachirukhin/Desktop/icon; sourceTree = "<group>"; };
		0B2AD71D26CD79D500A88B95 /* ScalesTableViewController.swift */ = {isa = PBXFileReference; lastKnownFileType = sourcecode.swift; path = ScalesTableViewController.swift; sourceTree = "<group>"; };
		0B2AD71F26CD79EB00A88B95 /* ScalesCell.swift */ = {isa = PBXFileReference; lastKnownFileType = sourcecode.swift; path = ScalesCell.swift; sourceTree = "<group>"; };
		0B2AD72326CD7A2300A88B95 /* ListTableViewController.swift */ = {isa = PBXFileReference; lastKnownFileType = sourcecode.swift; path = ListTableViewController.swift; sourceTree = "<group>"; };
		0B2AD72526CD7A3000A88B95 /* ListCell.swift */ = {isa = PBXFileReference; lastKnownFileType = sourcecode.swift; path = ListCell.swift; sourceTree = "<group>"; };
		0B2AD72826CD7A6800A88B95 /* StorageGroupTable.swift */ = {isa = PBXFileReference; lastKnownFileType = sourcecode.swift; path = StorageGroupTable.swift; sourceTree = "<group>"; };
		0B2AD72B26CD7A8800A88B95 /* StatisticsTableViewController.swift */ = {isa = PBXFileReference; lastKnownFileType = sourcecode.swift; path = StatisticsTableViewController.swift; sourceTree = "<group>"; };
		0B2AD72D26CD7AD400A88B95 /* StorageItemTable.swift */ = {isa = PBXFileReference; lastKnownFileType = sourcecode.swift; path = StorageItemTable.swift; sourceTree = "<group>"; };
		0B2AD72F26CD7B0300A88B95 /* StorageItemCell.swift */ = {isa = PBXFileReference; lastKnownFileType = sourcecode.swift; path = StorageItemCell.swift; sourceTree = "<group>"; };
		0B2AD73126CD7B1600A88B95 /* StorageMainCell.swift */ = {isa = PBXFileReference; lastKnownFileType = sourcecode.swift; path = StorageMainCell.swift; sourceTree = "<group>"; };
		0B2AD73326CD7B4500A88B95 /* StorageAddTable.swift */ = {isa = PBXFileReference; lastKnownFileType = sourcecode.swift; path = StorageAddTable.swift; sourceTree = "<group>"; };
		0B2AD73526CD7B5600A88B95 /* StorageAddCell.swift */ = {isa = PBXFileReference; lastKnownFileType = sourcecode.swift; path = StorageAddCell.swift; sourceTree = "<group>"; };
		0B742A6D26EE9D0400B59484 /* ModelScales.swift */ = {isa = PBXFileReference; lastKnownFileType = sourcecode.swift; path = ModelScales.swift; sourceTree = "<group>"; };
		0B742A7026EE9D3800B59484 /* Model.xcdatamodel */ = {isa = PBXFileReference; lastKnownFileType = wrapper.xcdatamodel; path = Model.xcdatamodel; sourceTree = "<group>"; };
		0B742A9D26F65E1A00B59484 /* ScalesCellDelete.swift */ = {isa = PBXFileReference; lastKnownFileType = sourcecode.swift; path = ScalesCellDelete.swift; sourceTree = "<group>"; };
		0B742A9F26F6872B00B59484 /* ScalesLabel.swift */ = {isa = PBXFileReference; lastKnownFileType = sourcecode.swift; path = ScalesLabel.swift; sourceTree = "<group>"; };
/* End PBXFileReference section */

/* Begin PBXFrameworksBuildPhase section */
		0B2AD70126CD785F00A88B95 /* Frameworks */ = {
			isa = PBXFrameworksBuildPhase;
			buildActionMask = 2147483647;
			files = (
			);
			runOnlyForDeploymentPostprocessing = 0;
		};
/* End PBXFrameworksBuildPhase section */

/* Begin PBXGroup section */
		0B2AD6FB26CD785F00A88B95 = {
			isa = PBXGroup;
			children = (
				0B2AD70626CD785F00A88B95 /* BUyMe */,
				0B2AD70526CD785F00A88B95 /* Products */,
			);
			sourceTree = "<group>";
		};
		0B2AD70526CD785F00A88B95 /* Products */ = {
			isa = PBXGroup;
			children = (
				0B2AD70426CD785F00A88B95 /* BuyMe.app */,
			);
			name = Products;
			sourceTree = "<group>";
		};
		0B2AD70626CD785F00A88B95 /* BUyMe */ = {
			isa = PBXGroup;
			children = (
				0B2AD70726CD785F00A88B95 /* AppDelegate.swift */,
				0B2AD70926CD785F00A88B95 /* SceneDelegate.swift */,
				0B2AD70B26CD785F00A88B95 /* MainViewController.swift */,
				0B2AD72126CD79F400A88B95 /* Scales */,
				0B2AD72226CD7A0500A88B95 /* List */,
				0B2AD72726CD7A3600A88B95 /* Storage */,
				0B2AD72A26CD7A6E00A88B95 /* Statistics */,
				0B2AD71226CD786200A88B95 /* LaunchScreen.storyboard */,
				0B2AD71526CD786200A88B95 /* Info.plist */,
				0B2AD71B26CD78A600A88B95 /* icon */,
				0B742A6F26EE9D3800B59484 /* CoreDataModel.xcdatamodeld */,
			);
			path = BUyMe;
			sourceTree = "<group>";
		};
		0B2AD72126CD79F400A88B95 /* Scales */ = {
			isa = PBXGroup;
			children = (
				0B2AD71D26CD79D500A88B95 /* ScalesTableViewController.swift */,
				0B2AD71F26CD79EB00A88B95 /* ScalesCell.swift */,
				0B742A9D26F65E1A00B59484 /* ScalesCellDelete.swift */,
				0B742A9F26F6872B00B59484 /* ScalesLabel.swift */,
				0B742A6D26EE9D0400B59484 /* ModelScales.swift */,
			);
			path = Scales;
			sourceTree = "<group>";
		};
		0B2AD72226CD7A0500A88B95 /* List */ = {
			isa = PBXGroup;
			children = (
				0B2AD72326CD7A2300A88B95 /* ListTableViewController.swift */,
				0B2AD72526CD7A3000A88B95 /* ListCell.swift */,
			);
			path = List;
			sourceTree = "<group>";
		};
		0B2AD72726CD7A3600A88B95 /* Storage */ = {
			isa = PBXGroup;
			children = (
				0B2AD72826CD7A6800A88B95 /* StorageGroupTable.swift */,
				0B2AD73126CD7B1600A88B95 /* StorageMainCell.swift */,
				0B2AD72D26CD7AD400A88B95 /* StorageItemTable.swift */,
				0B2AD72F26CD7B0300A88B95 /* StorageItemCell.swift */,
				0B2AD73326CD7B4500A88B95 /* StorageAddTable.swift */,
				0B2AD73526CD7B5600A88B95 /* StorageAddCell.swift */,
			);
			path = Storage;
			sourceTree = "<group>";
		};
		0B2AD72A26CD7A6E00A88B95 /* Statistics */ = {
			isa = PBXGroup;
			children = (
				0B2AD72B26CD7A8800A88B95 /* StatisticsTableViewController.swift */,
			);
			path = Statistics;
			sourceTree = "<group>";
		};
/* End PBXGroup section */

/* Begin PBXNativeTarget section */
		0B2AD70326CD785F00A88B95 /* BuyMe */ = {
			isa = PBXNativeTarget;
			buildConfigurationList = 0B2AD71826CD786200A88B95 /* Build configuration list for PBXNativeTarget "BuyMe" */;
			buildPhases = (
				0B2AD70026CD785F00A88B95 /* Sources */,
				0B2AD70126CD785F00A88B95 /* Frameworks */,
				0B2AD70226CD785F00A88B95 /* Resources */,
			);
			buildRules = (
			);
			dependencies = (
			);
			name = BuyMe;
			productName = BUyMe;
			productReference = 0B2AD70426CD785F00A88B95 /* BuyMe.app */;
			productType = "com.apple.product-type.application";
		};
/* End PBXNativeTarget section */

/* Begin PBXProject section */
		0B2AD6FC26CD785F00A88B95 /* Project object */ = {
			isa = PBXProject;
			attributes = {
				LastSwiftUpdateCheck = 1250;
				LastUpgradeCheck = 1250;
				TargetAttributes = {
					0B2AD70326CD785F00A88B95 = {
						CreatedOnToolsVersion = 12.5.1;
					};
				};
			};
			buildConfigurationList = 0B2AD6FF26CD785F00A88B95 /* Build configuration list for PBXProject "BuyMe" */;
			compatibilityVersion = "Xcode 9.3";
			developmentRegion = en;
			hasScannedForEncodings = 0;
			knownRegions = (
				en,
				Base,
			);
			mainGroup = 0B2AD6FB26CD785F00A88B95;
			productRefGroup = 0B2AD70526CD785F00A88B95 /* Products */;
			projectDirPath = "";
			projectRoot = "";
			targets = (
				0B2AD70326CD785F00A88B95 /* BuyMe */,
			);
		};
/* End PBXProject section */

/* Begin PBXResourcesBuildPhase section */
		0B2AD70226CD785F00A88B95 /* Resources */ = {
			isa = PBXResourcesBuildPhase;
			buildActionMask = 2147483647;
			files = (
				0B2AD71426CD786200A88B95 /* LaunchScreen.storyboard in Resources */,
				0B2AD71C26CD78A600A88B95 /* icon in Resources */,
			);
			runOnlyForDeploymentPostprocessing = 0;
		};
/* End PBXResourcesBuildPhase section */

/* Begin PBXSourcesBuildPhase section */
		0B2AD70026CD785F00A88B95 /* Sources */ = {
			isa = PBXSourcesBuildPhase;
			buildActionMask = 2147483647;
			files = (
				0B742A9E26F65E1A00B59484 /* ScalesCellDelete.swift in Sources */,
				0B2AD71E26CD79D500A88B95 /* ScalesTableViewController.swift in Sources */,
				0B2AD73426CD7B4500A88B95 /* StorageAddTable.swift in Sources */,
				0B2AD70C26CD785F00A88B95 /* MainViewController.swift in Sources */,
				0B2AD73626CD7B5600A88B95 /* StorageAddCell.swift in Sources */,
				0B2AD73226CD7B1600A88B95 /* StorageMainCell.swift in Sources */,
				0B2AD72026CD79EB00A88B95 /* ScalesCell.swift in Sources */,
				0B2AD72626CD7A3000A88B95 /* ListCell.swift in Sources */,
				0B2AD72426CD7A2300A88B95 /* ListTableViewController.swift in Sources */,
				0B2AD72C26CD7A8800A88B95 /* StatisticsTableViewController.swift in Sources */,
				0B2AD70826CD785F00A88B95 /* AppDelegate.swift in Sources */,
				0B742AA026F6872B00B59484 /* ScalesLabel.swift in Sources */,
				0B742A6E26EE9D0400B59484 /* ModelScales.swift in Sources */,
				0B742A7126EE9D3800B59484 /* CoreDataModel.xcdatamodeld in Sources */,
				0B2AD72926CD7A6800A88B95 /* StorageGroupTable.swift in Sources */,
				0B2AD73026CD7B0300A88B95 /* StorageItemCell.swift in Sources */,
				0B2AD70A26CD785F00A88B95 /* SceneDelegate.swift in Sources */,
				0B2AD72E26CD7AD400A88B95 /* StorageItemTable.swift in Sources */,
			);
			runOnlyForDeploymentPostprocessing = 0;
		};
/* End PBXSourcesBuildPhase section */

/* Begin PBXVariantGroup section */
		0B2AD71226CD786200A88B95 /* LaunchScreen.storyboard */ = {
			isa = PBXVariantGroup;
			children = (
				0B2AD71326CD786200A88B95 /* Base */,
			);
			name = LaunchScreen.storyboard;
			sourceTree = "<group>";
		};
/* End PBXVariantGroup section */

/* Begin XCBuildConfiguration section */
		0B2AD71626CD786200A88B95 /* Debug */ = {
			isa = XCBuildConfiguration;
			buildSettings = {
				ALWAYS_SEARCH_USER_PATHS = NO;
				CLANG_ANALYZER_NONNULL = YES;
				CLANG_ANALYZER_NUMBER_OBJECT_CONVERSION = YES_AGGRESSIVE;
				CLANG_CXX_LANGUAGE_STANDARD = "gnu++14";
				CLANG_CXX_LIBRARY = "libc++";
				CLANG_ENABLE_MODULES = YES;
				CLANG_ENABLE_OBJC_ARC = YES;
				CLANG_ENABLE_OBJC_WEAK = YES;
				CLANG_WARN_BLOCK_CAPTURE_AUTORELEASING = YES;
				CLANG_WARN_BOOL_CONVERSION = YES;
				CLANG_WARN_COMMA = YES;
				CLANG_WARN_CONSTANT_CONVERSION = YES;
				CLANG_WARN_DEPRECATED_OBJC_IMPLEMENTATIONS = YES;
				CLANG_WARN_DIRECT_OBJC_ISA_USAGE = YES_ERROR;
				CLANG_WARN_DOCUMENTATION_COMMENTS = YES;
				CLANG_WARN_EMPTY_BODY = YES;
				CLANG_WARN_ENUM_CONVERSION = YES;
				CLANG_WARN_INFINITE_RECURSION = YES;
				CLANG_WARN_INT_CONVERSION = YES;
				CLANG_WARN_NON_LITERAL_NULL_CONVERSION = YES;
				CLANG_WARN_OBJC_IMPLICIT_RETAIN_SELF = YES;
				CLANG_WARN_OBJC_LITERAL_CONVERSION = YES;
				CLANG_WARN_OBJC_ROOT_CLASS = YES_ERROR;
				CLANG_WARN_QUOTED_INCLUDE_IN_FRAMEWORK_HEADER = YES;
				CLANG_WARN_RANGE_LOOP_ANALYSIS = YES;
				CLANG_WARN_STRICT_PROTOTYPES = YES;
				CLANG_WARN_SUSPICIOUS_MOVE = YES;
				CLANG_WARN_UNGUARDED_AVAILABILITY = YES_AGGRESSIVE;
				CLANG_WARN_UNREACHABLE_CODE = YES;
				CLANG_WARN__DUPLICATE_METHOD_MATCH = YES;
				COPY_PHASE_STRIP = NO;
				DEBUG_INFORMATION_FORMAT = dwarf;
				ENABLE_STRICT_OBJC_MSGSEND = YES;
				ENABLE_TESTABILITY = YES;
				GCC_C_LANGUAGE_STANDARD = gnu11;
				GCC_DYNAMIC_NO_PIC = NO;
				GCC_NO_COMMON_BLOCKS = YES;
				GCC_OPTIMIZATION_LEVEL = 0;
				GCC_PREPROCESSOR_DEFINITIONS = (
					"DEBUG=1",
					"$(inherited)",
				);
				GCC_WARN_64_TO_32_BIT_CONVERSION = YES;
				GCC_WARN_ABOUT_RETURN_TYPE = YES_ERROR;
				GCC_WARN_UNDECLARED_SELECTOR = YES;
				GCC_WARN_UNINITIALIZED_AUTOS = YES_AGGRESSIVE;
				GCC_WARN_UNUSED_FUNCTION = YES;
				GCC_WARN_UNUSED_VARIABLE = YES;
				IPHONEOS_DEPLOYMENT_TARGET = 14.5;
				MTL_ENABLE_DEBUG_INFO = INCLUDE_SOURCE;
				MTL_FAST_MATH = YES;
				ONLY_ACTIVE_ARCH = YES;
				SDKROOT = iphoneos;
				SWIFT_ACTIVE_COMPILATION_CONDITIONS = DEBUG;
				SWIFT_OPTIMIZATION_LEVEL = "-Onone";
			};
			name = Debug;
		};
		0B2AD71726CD786200A88B95 /* Release */ = {
			isa = XCBuildConfiguration;
			buildSettings = {
				ALWAYS_SEARCH_USER_PATHS = NO;
				CLANG_ANALYZER_NONNULL = YES;
				CLANG_ANALYZER_NUMBER_OBJECT_CONVERSION = YES_AGGRESSIVE;
				CLANG_CXX_LANGUAGE_STANDARD = "gnu++14";
				CLANG_CXX_LIBRARY = "libc++";
				CLANG_ENABLE_MODULES = YES;
				CLANG_ENABLE_OBJC_ARC = YES;
				CLANG_ENABLE_OBJC_WEAK = YES;
				CLANG_WARN_BLOCK_CAPTURE_AUTORELEASING = YES;
				CLANG_WARN_BOOL_CONVERSION = YES;
				CLANG_WARN_COMMA = YES;
				CLANG_WARN_CONSTANT_CONVERSION = YES;
				CLANG_WARN_DEPRECATED_OBJC_IMPLEMENTATIONS = YES;
				CLANG_WARN_DIRECT_OBJC_ISA_USAGE = YES_ERROR;
				CLANG_WARN_DOCUMENTATION_COMMENTS = YES;
				CLANG_WARN_EMPTY_BODY = YES;
				CLANG_WARN_ENUM_CONVERSION = YES;
				CLANG_WARN_INFINITE_RECURSION = YES;
				CLANG_WARN_INT_CONVERSION = YES;
				CLANG_WARN_NON_LITERAL_NULL_CONVERSION = YES;
				CLANG_WARN_OBJC_IMPLICIT_RETAIN_SELF = YES;
				CLANG_WARN_OBJC_LITERAL_CONVERSION = YES;
				CLANG_WARN_OBJC_ROOT_CLASS = YES_ERROR;
				CLANG_WARN_QUOTED_INCLUDE_IN_FRAMEWORK_HEADER = YES;
				CLANG_WARN_RANGE_LOOP_ANALYSIS = YES;
				CLANG_WARN_STRICT_PROTOTYPES = YES;
				CLANG_WARN_SUSPICIOUS_MOVE = YES;
				CLANG_WARN_UNGUARDED_AVAILABILITY = YES_AGGRESSIVE;
				CLANG_WARN_UNREACHABLE_CODE = YES;
				CLANG_WARN__DUPLICATE_METHOD_MATCH = YES;
				COPY_PHASE_STRIP = NO;
				DEBUG_INFORMATION_FORMAT = "dwarf-with-dsym";
				ENABLE_NS_ASSERTIONS = NO;
				ENABLE_STRICT_OBJC_MSGSEND = YES;
				GCC_C_LANGUAGE_STANDARD = gnu11;
				GCC_NO_COMMON_BLOCKS = YES;
				GCC_WARN_64_TO_32_BIT_CONVERSION = YES;
				GCC_WARN_ABOUT_RETURN_TYPE = YES_ERROR;
				GCC_WARN_UNDECLARED_SELECTOR = YES;
				GCC_WARN_UNINITIALIZED_AUTOS = YES_AGGRESSIVE;
				GCC_WARN_UNUSED_FUNCTION = YES;
				GCC_WARN_UNUSED_VARIABLE = YES;
				IPHONEOS_DEPLOYMENT_TARGET = 14.5;
				MTL_ENABLE_DEBUG_INFO = NO;
				MTL_FAST_MATH = YES;
				SDKROOT = iphoneos;
				SWIFT_COMPILATION_MODE = wholemodule;
				SWIFT_OPTIMIZATION_LEVEL = "-O";
				VALIDATE_PRODUCT = YES;
			};
			name = Release;
		};
		0B2AD71926CD786200A88B95 /* Debug */ = {
			isa = XCBuildConfiguration;
			buildSettings = {
				ASSETCATALOG_COMPILER_APPICON_NAME = AppIcon;
				ASSETCATALOG_COMPILER_GLOBAL_ACCENT_COLOR_NAME = AccentColor;
				CODE_SIGN_STYLE = Automatic;
				DEVELOPMENT_TEAM = JD76D7YRMZ;
				INFOPLIST_FILE = BUyMe/Info.plist;
				LD_RUNPATH_SEARCH_PATHS = (
					"$(inherited)",
					"@executable_path/Frameworks",
				);
				PRODUCT_BUNDLE_IDENTIFIER = "Sosisochka-Ink..BUyMe";
				PRODUCT_NAME = "$(TARGET_NAME)";
				SWIFT_VERSION = 5.0;
				TARGETED_DEVICE_FAMILY = "1,2";
			};
			name = Debug;
		};
		0B2AD71A26CD786200A88B95 /* Release */ = {
			isa = XCBuildConfiguration;
			buildSettings = {
				ASSETCATALOG_COMPILER_APPICON_NAME = AppIcon;
				ASSETCATALOG_COMPILER_GLOBAL_ACCENT_COLOR_NAME = AccentColor;
				CODE_SIGN_STYLE = Automatic;
				DEVELOPMENT_TEAM = JD76D7YRMZ;
				INFOPLIST_FILE = BUyMe/Info.plist;
				LD_RUNPATH_SEARCH_PATHS = (
					"$(inherited)",
					"@executable_path/Frameworks",
				);
				PRODUCT_BUNDLE_IDENTIFIER = "Sosisochka-Ink..BUyMe";
				PRODUCT_NAME = "$(TARGET_NAME)";
				SWIFT_VERSION = 5.0;
				TARGETED_DEVICE_FAMILY = "1,2";
			};
			name = Release;
		};
/* End XCBuildConfiguration section */

/* Begin XCConfigurationList section */
		0B2AD6FF26CD785F00A88B95 /* Build configuration list for PBXProject "BuyMe" */ = {
			isa = XCConfigurationList;
			buildConfigurations = (
				0B2AD71626CD786200A88B95 /* Debug */,
				0B2AD71726CD786200A88B95 /* Release */,
			);
			defaultConfigurationIsVisible = 0;
			defaultConfigurationName = Release;
		};
		0B2AD71826CD786200A88B95 /* Build configuration list for PBXNativeTarget "BuyMe" */ = {
			isa = XCConfigurationList;
			buildConfigurations = (
				0B2AD71926CD786200A88B95 /* Debug */,
				0B2AD71A26CD786200A88B95 /* Release */,
			);
			defaultConfigurationIsVisible = 0;
			defaultConfigurationName = Release;
		};
/* End XCConfigurationList section */

/* Begin XCVersionGroup section */
		0B742A6F26EE9D3800B59484 /* CoreDataModel.xcdatamodeld */ = {
			isa = XCVersionGroup;
			children = (
				0B742A7026EE9D3800B59484 /* Model.xcdatamodel */,
			);
			currentVersion = 0B742A7026EE9D3800B59484 /* Model.xcdatamodel */;
			path = CoreDataModel.xcdatamodeld;
			sourceTree = "<group>";
			versionGroupType = wrapper.xcdatamodel;
		};
/* End XCVersionGroup section */
	};
	rootObject = 0B2AD6FC26CD785F00A88B95 /* Project object */;
}
